// !$*UTF8*$!
{
	archiveVersion = 1;
	classes = {
	};
	objectVersion = 55;
	objects = {

/* Begin PBXBuildFile section */
		2617A85427D2E6C4000B2C8C /* AppDelegate.swift in Sources */ = {isa = PBXBuildFile; fileRef = 2617A85327D2E6C4000B2C8C /* AppDelegate.swift */; };
		2617A85627D2E6C4000B2C8C /* SceneDelegate.swift in Sources */ = {isa = PBXBuildFile; fileRef = 2617A85527D2E6C4000B2C8C /* SceneDelegate.swift */; };
		2617A85827D2E6C4000B2C8C /* ViewController.swift in Sources */ = {isa = PBXBuildFile; fileRef = 2617A85727D2E6C4000B2C8C /* ViewController.swift */; };
		2617A85B27D2E6C4000B2C8C /* Main.storyboard in Resources */ = {isa = PBXBuildFile; fileRef = 2617A85927D2E6C4000B2C8C /* Main.storyboard */; };
		2617A85D27D2E6C7000B2C8C /* Assets.xcassets in Resources */ = {isa = PBXBuildFile; fileRef = 2617A85C27D2E6C7000B2C8C /* Assets.xcassets */; };
		2617A86027D2E6C7000B2C8C /* LaunchScreen.storyboard in Resources */ = {isa = PBXBuildFile; fileRef = 2617A85E27D2E6C7000B2C8C /* LaunchScreen.storyboard */; };
		2617A86B27D2E6C7000B2C8C /* Flashcards2Tests.swift in Sources */ = {isa = PBXBuildFile; fileRef = 2617A86A27D2E6C7000B2C8C /* Flashcards2Tests.swift */; };
		2617A87527D2E6C7000B2C8C /* Flashcards2UITests.swift in Sources */ = {isa = PBXBuildFile; fileRef = 2617A87427D2E6C7000B2C8C /* Flashcards2UITests.swift */; };
		2617A87727D2E6C7000B2C8C /* Flashcards2UITestsLaunchTests.swift in Sources */ = {isa = PBXBuildFile; fileRef = 2617A87627D2E6C7000B2C8C /* Flashcards2UITestsLaunchTests.swift */; };
/* End PBXBuildFile section */

/* Begin PBXContainerItemProxy section */
		2617A86727D2E6C7000B2C8C /* PBXContainerItemProxy */ = {
			isa = PBXContainerItemProxy;
			containerPortal = 2617A84827D2E6C4000B2C8C /* Project object */;
			proxyType = 1;
			remoteGlobalIDString = 2617A84F27D2E6C4000B2C8C;
			remoteInfo = Flashcards2;
		};
		2617A87127D2E6C7000B2C8C /* PBXContainerItemProxy */ = {
			isa = PBXContainerItemProxy;
			containerPortal = 2617A84827D2E6C4000B2C8C /* Project object */;
			proxyType = 1;
			remoteGlobalIDString = 2617A84F27D2E6C4000B2C8C;
			remoteInfo = Flashcards2;
		};
/* End PBXContainerItemProxy section */

/* Begin PBXFileReference section */
		2617A85027D2E6C4000B2C8C /* Flashcards2.app */ = {isa = PBXFileReference; explicitFileType = wrapper.application; includeInIndex = 0; path = Flashcards2.app; sourceTree = BUILT_PRODUCTS_DIR; };
		2617A85327D2E6C4000B2C8C /* AppDelegate.swift */ = {isa = PBXFileReference; lastKnownFileType = sourcecode.swift; path = AppDelegate.swift; sourceTree = "<group>"; };
		2617A85527D2E6C4000B2C8C /* SceneDelegate.swift */ = {isa = PBXFileReference; lastKnownFileType = sourcecode.swift; path = SceneDelegate.swift; sourceTree = "<group>"; };
		2617A85727D2E6C4000B2C8C /* ViewController.swift */ = {isa = PBXFileReference; lastKnownFileType = sourcecode.swift; path = ViewController.swift; sourceTree = "<group>"; };
		2617A85A27D2E6C4000B2C8C /* Base */ = {isa = PBXFileReference; lastKnownFileType = file.storyboard; name = Base; path = Base.lproj/Main.storyboard; sourceTree = "<group>"; };
		2617A85C27D2E6C7000B2C8C /* Assets.xcassets */ = {isa = PBXFileReference; lastKnownFileType = folder.assetcatalog; path = Assets.xcassets; sourceTree = "<group>"; };
		2617A85F27D2E6C7000B2C8C /* Base */ = {isa = PBXFileReference; lastKnownFileType = file.storyboard; name = Base; path = Base.lproj/LaunchScreen.storyboard; sourceTree = "<group>"; };
		2617A86127D2E6C7000B2C8C /* Info.plist */ = {isa = PBXFileReference; lastKnownFileType = text.plist.xml; path = Info.plist; sourceTree = "<group>"; };
		2617A86627D2E6C7000B2C8C /* Flashcards2Tests.xctest */ = {isa = PBXFileReference; explicitFileType = wrapper.cfbundle; includeInIndex = 0; path = Flashcards2Tests.xctest; sourceTree = BUILT_PRODUCTS_DIR; };
		2617A86A27D2E6C7000B2C8C /* Flashcards2Tests.swift */ = {isa = PBXFileReference; lastKnownFileType = sourcecode.swift; path = Flashcards2Tests.swift; sourceTree = "<group>"; };
		2617A87027D2E6C7000B2C8C /* Flashcards2UITests.xctest */ = {isa = PBXFileReference; explicitFileType = wrapper.cfbundle; includeInIndex = 0; path = Flashcards2UITests.xctest; sourceTree = BUILT_PRODUCTS_DIR; };
		2617A87427D2E6C7000B2C8C /* Flashcards2UITests.swift */ = {isa = PBXFileReference; lastKnownFileType = sourcecode.swift; path = Flashcards2UITests.swift; sourceTree = "<group>"; };
		2617A87627D2E6C7000B2C8C /* Flashcards2UITestsLaunchTests.swift */ = {isa = PBXFileReference; lastKnownFileType = sourcecode.swift; path = Flashcards2UITestsLaunchTests.swift; sourceTree = "<group>"; };
/* End PBXFileReference section */

/* Begin PBXFrameworksBuildPhase section */
		2617A84D27D2E6C4000B2C8C /* Frameworks */ = {
			isa = PBXFrameworksBuildPhase;
			buildActionMask = 2147483647;
			files = (
			);
			runOnlyForDeploymentPostprocessing = 0;
		};
		2617A86327D2E6C7000B2C8C /* Frameworks */ = {
			isa = PBXFrameworksBuildPhase;
			buildActionMask = 2147483647;
			files = (
			);
			runOnlyForDeploymentPostprocessing = 0;
		};
		2617A86D27D2E6C7000B2C8C /* Frameworks */ = {
			isa = PBXFrameworksBuildPhase;
			buildActionMask = 2147483647;
			files = (
			);
			runOnlyForDeploymentPostprocessing = 0;
		};
/* End PBXFrameworksBuildPhase section */

/* Begin PBXGroup section */
		2617A84727D2E6C4000B2C8C = {
			isa = PBXGroup;
			children = (
				2617A85227D2E6C4000B2C8C /* Flashcards2 */,
				2617A86927D2E6C7000B2C8C /* Flashcards2Tests */,
				2617A87327D2E6C7000B2C8C /* Flashcards2UITests */,
				2617A85127D2E6C4000B2C8C /* Products */,
			);
			sourceTree = "<group>";
		};
		2617A85127D2E6C4000B2C8C /* Products */ = {
			isa = PBXGroup;
			children = (
				2617A85027D2E6C4000B2C8C /* Flashcards2.app */,
				2617A86627D2E6C7000B2C8C /* Flashcards2Tests.xctest */,
				2617A87027D2E6C7000B2C8C /* Flashcards2UITests.xctest */,
			);
			name = Products;
			sourceTree = "<group>";
		};
		2617A85227D2E6C4000B2C8C /* Flashcards2 */ = {
			isa = PBXGroup;
			children = (
				2617A85327D2E6C4000B2C8C /* AppDelegate.swift */,
				2617A85527D2E6C4000B2C8C /* SceneDelegate.swift */,
				2617A85727D2E6C4000B2C8C /* ViewController.swift */,
				2617A85927D2E6C4000B2C8C /* Main.storyboard */,
				2617A85C27D2E6C7000B2C8C /* Assets.xcassets */,
				2617A85E27D2E6C7000B2C8C /* LaunchScreen.storyboard */,
				2617A86127D2E6C7000B2C8C /* Info.plist */,
			);
			path = Flashcards2;
			sourceTree = "<group>";
		};
		2617A86927D2E6C7000B2C8C /* Flashcards2Tests */ = {
			isa = PBXGroup;
			children = (
				2617A86A27D2E6C7000B2C8C /* Flashcards2Tests.swift */,
			);
			path = Flashcards2Tests;
			sourceTree = "<group>";
		};
		2617A87327D2E6C7000B2C8C /* Flashcards2UITests */ = {
			isa = PBXGroup;
			children = (
				2617A87427D2E6C7000B2C8C /* Flashcards2UITests.swift */,
				2617A87627D2E6C7000B2C8C /* Flashcards2UITestsLaunchTests.swift */,
			);
			path = Flashcards2UITests;
			sourceTree = "<group>";
		};
/* End PBXGroup section */

/* Begin PBXNativeTarget section */
		2617A84F27D2E6C4000B2C8C /* Flashcards2 */ = {
			isa = PBXNativeTarget;
			buildConfigurationList = 2617A87A27D2E6C7000B2C8C /* Build configuration list for PBXNativeTarget "Flashcards2" */;
			buildPhases = (
				2617A84C27D2E6C4000B2C8C /* Sources */,
				2617A84D27D2E6C4000B2C8C /* Frameworks */,
				2617A84E27D2E6C4000B2C8C /* Resources */,
			);
			buildRules = (
			);
			dependencies = (
			);
			name = Flashcards2;
			productName = Flashcards2;
			productReference = 2617A85027D2E6C4000B2C8C /* Flashcards2.app */;
			productType = "com.apple.product-type.application";
		};
		2617A86527D2E6C7000B2C8C /* Flashcards2Tests */ = {
			isa = PBXNativeTarget;
			buildConfigurationList = 2617A87D27D2E6C7000B2C8C /* Build configuration list for PBXNativeTarget "Flashcards2Tests" */;
			buildPhases = (
				2617A86227D2E6C7000B2C8C /* Sources */,
				2617A86327D2E6C7000B2C8C /* Frameworks */,
				2617A86427D2E6C7000B2C8C /* Resources */,
			);
			buildRules = (
			);
			dependencies = (
				2617A86827D2E6C7000B2C8C /* PBXTargetDependency */,
			);
			name = Flashcards2Tests;
			productName = Flashcards2Tests;
			productReference = 2617A86627D2E6C7000B2C8C /* Flashcards2Tests.xctest */;
			productType = "com.apple.product-type.bundle.unit-test";
		};
		2617A86F27D2E6C7000B2C8C /* Flashcards2UITests */ = {
			isa = PBXNativeTarget;
			buildConfigurationList = 2617A88027D2E6C7000B2C8C /* Build configuration list for PBXNativeTarget "Flashcards2UITests" */;
			buildPhases = (
				2617A86C27D2E6C7000B2C8C /* Sources */,
				2617A86D27D2E6C7000B2C8C /* Frameworks */,
				2617A86E27D2E6C7000B2C8C /* Resources */,
			);
			buildRules = (
			);
			dependencies = (
				2617A87227D2E6C7000B2C8C /* PBXTargetDependency */,
			);
			name = Flashcards2UITests;
			productName = Flashcards2UITests;
			productReference = 2617A87027D2E6C7000B2C8C /* Flashcards2UITests.xctest */;
			productType = "com.apple.product-type.bundle.ui-testing";
		};
/* End PBXNativeTarget section */

/* Begin PBXProject section */
		2617A84827D2E6C4000B2C8C /* Project object */ = {
			isa = PBXProject;
			attributes = {
				BuildIndependentTargetsInParallel = 1;
				LastSwiftUpdateCheck = 1320;
				LastUpgradeCheck = 1320;
				TargetAttributes = {
					2617A84F27D2E6C4000B2C8C = {
						CreatedOnToolsVersion = 13.2.1;
					};
					2617A86527D2E6C7000B2C8C = {
						CreatedOnToolsVersion = 13.2.1;
						TestTargetID = 2617A84F27D2E6C4000B2C8C;
					};
					2617A86F27D2E6C7000B2C8C = {
						CreatedOnToolsVersion = 13.2.1;
						TestTargetID = 2617A84F27D2E6C4000B2C8C;
					};
				};
			};
			buildConfigurationList = 2617A84B27D2E6C4000B2C8C /* Build configuration list for PBXProject "Flashcards2" */;
			compatibilityVersion = "Xcode 13.0";
			developmentRegion = en;
			hasScannedForEncodings = 0;
			knownRegions = (
				en,
				Base,
			);
			mainGroup = 2617A84727D2E6C4000B2C8C;
			productRefGroup = 2617A85127D2E6C4000B2C8C /* Products */;
			projectDirPath = "";
			projectRoot = "";
			targets = (
				2617A84F27D2E6C4000B2C8C /* Flashcards2 */,
				2617A86527D2E6C7000B2C8C /* Flashcards2Tests */,
				2617A86F27D2E6C7000B2C8C /* Flashcards2UITests */,
			);
		};
/* End PBXProject section */

/* Begin PBXResourcesBuildPhase section */
		2617A84E27D2E6C4000B2C8C /* Resources */ = {
			isa = PBXResourcesBuildPhase;
			buildActionMask = 2147483647;
			files = (
				2617A86027D2E6C7000B2C8C /* LaunchScreen.storyboard in Resources */,
				2617A85D27D2E6C7000B2C8C /* Assets.xcassets in Resources */,
				2617A85B27D2E6C4000B2C8C /* Main.storyboard in Resources */,
			);
			runOnlyForDeploymentPostprocessing = 0;
		};
		2617A86427D2E6C7000B2C8C /* Resources */ = {
			isa = PBXResourcesBuildPhase;
			buildActionMask = 2147483647;
			files = (
			);
			runOnlyForDeploymentPostprocessing = 0;
		};
		2617A86E27D2E6C7000B2C8C /* Resources */ = {
			isa = PBXResourcesBuildPhase;
			buildActionMask = 2147483647;
			files = (
			);
			runOnlyForDeploymentPostprocessing = 0;
		};
/* End PBXResourcesBuildPhase section */

/* Begin PBXSourcesBuildPhase section */
		2617A84C27D2E6C4000B2C8C /* Sources */ = {
			isa = PBXSourcesBuildPhase;
			buildActionMask = 2147483647;
			files = (
				2617A85827D2E6C4000B2C8C /* ViewController.swift in Sources */,
				2617A85427D2E6C4000B2C8C /* AppDelegate.swift in Sources */,
				2617A85627D2E6C4000B2C8C /* SceneDelegate.swift in Sources */,
			);
			runOnlyForDeploymentPostprocessing = 0;
		};
		2617A86227D2E6C7000B2C8C /* Sources */ = {
			isa = PBXSourcesBuildPhase;
			buildActionMask = 2147483647;
			files = (
				2617A86B27D2E6C7000B2C8C /* Flashcards2Tests.swift in Sources */,
			);
			runOnlyForDeploymentPostprocessing = 0;
		};
		2617A86C27D2E6C7000B2C8C /* Sources */ = {
			isa = PBXSourcesBuildPhase;
			buildActionMask = 2147483647;
			files = (
				2617A87727D2E6C7000B2C8C /* Flashcards2UITestsLaunchTests.swift in Sources */,
				2617A87527D2E6C7000B2C8C /* Flashcards2UITests.swift in Sources */,
			);
			runOnlyForDeploymentPostprocessing = 0;
		};
/* End PBXSourcesBuildPhase section */

/* Begin PBXTargetDependency section */
		2617A86827D2E6C7000B2C8C /* PBXTargetDependency */ = {
			isa = PBXTargetDependency;
			target = 2617A84F27D2E6C4000B2C8C /* Flashcards2 */;
			targetProxy = 2617A86727D2E6C7000B2C8C /* PBXContainerItemProxy */;
		};
		2617A87227D2E6C7000B2C8C /* PBXTargetDependency */ = {
			isa = PBXTargetDependency;
			target = 2617A84F27D2E6C4000B2C8C /* Flashcards2 */;
			targetProxy = 2617A87127D2E6C7000B2C8C /* PBXContainerItemProxy */;
		};
/* End PBXTargetDependency section */

/* Begin PBXVariantGroup section */
		2617A85927D2E6C4000B2C8C /* Main.storyboard */ = {
			isa = PBXVariantGroup;
			children = (
				2617A85A27D2E6C4000B2C8C /* Base */,
			);
			name = Main.storyboard;
			sourceTree = "<group>";
		};
		2617A85E27D2E6C7000B2C8C /* LaunchScreen.storyboard */ = {
			isa = PBXVariantGroup;
			children = (
				2617A85F27D2E6C7000B2C8C /* Base */,
			);
			name = LaunchScreen.storyboard;
			sourceTree = "<group>";
		};
/* End PBXVariantGroup section */

/* Begin XCBuildConfiguration section */
		2617A87827D2E6C7000B2C8C /* Debug */ = {
			isa = XCBuildConfiguration;
			buildSettings = {
				ALWAYS_SEARCH_USER_PATHS = NO;
				CLANG_ANALYZER_NONNULL = YES;
				CLANG_ANALYZER_NUMBER_OBJECT_CONVERSION = YES_AGGRESSIVE;
				CLANG_CXX_LANGUAGE_STANDARD = "gnu++17";
				CLANG_CXX_LIBRARY = "libc++";
				CLANG_ENABLE_MODULES = YES;
				CLANG_ENABLE_OBJC_ARC = YES;
				CLANG_ENABLE_OBJC_WEAK = YES;
				CLANG_WARN_BLOCK_CAPTURE_AUTORELEASING = YES;
				CLANG_WARN_BOOL_CONVERSION = YES;
				CLANG_WARN_COMMA = YES;
				CLANG_WARN_CONSTANT_CONVERSION = YES;
				CLANG_WARN_DEPRECATED_OBJC_IMPLEMENTATIONS = YES;
				CLANG_WARN_DIRECT_OBJC_ISA_USAGE = YES_ERROR;
				CLANG_WARN_DOCUMENTATION_COMMENTS = YES;
				CLANG_WARN_EMPTY_BODY = YES;
				CLANG_WARN_ENUM_CONVERSION = YES;
				CLANG_WARN_INFINITE_RECURSION = YES;
				CLANG_WARN_INT_CONVERSION = YES;
				CLANG_WARN_NON_LITERAL_NULL_CONVERSION = YES;
				CLANG_WARN_OBJC_IMPLICIT_RETAIN_SELF = YES;
				CLANG_WARN_OBJC_LITERAL_CONVERSION = YES;
				CLANG_WARN_OBJC_ROOT_CLASS = YES_ERROR;
				CLANG_WARN_QUOTED_INCLUDE_IN_FRAMEWORK_HEADER = YES;
				CLANG_WARN_RANGE_LOOP_ANALYSIS = YES;
				CLANG_WARN_STRICT_PROTOTYPES = YES;
				CLANG_WARN_SUSPICIOUS_MOVE = YES;
				CLANG_WARN_UNGUARDED_AVAILABILITY = YES_AGGRESSIVE;
				CLANG_WARN_UNREACHABLE_CODE = YES;
				CLANG_WARN__DUPLICATE_METHOD_MATCH = YES;
				COPY_PHASE_STRIP = NO;
				DEBUG_INFORMATION_FORMAT = dwarf;
				ENABLE_STRICT_OBJC_MSGSEND = YES;
				ENABLE_TESTABILITY = YES;
				GCC_C_LANGUAGE_STANDARD = gnu11;
				GCC_DYNAMIC_NO_PIC = NO;
				GCC_NO_COMMON_BLOCKS = YES;
				GCC_OPTIMIZATION_LEVEL = 0;
				GCC_PREPROCESSOR_DEFINITIONS = (
					"DEBUG=1",
					"$(inherited)",
				);
				GCC_WARN_64_TO_32_BIT_CONVERSION = YES;
				GCC_WARN_ABOUT_RETURN_TYPE = YES_ERROR;
				GCC_WARN_UNDECLARED_SELECTOR = YES;
				GCC_WARN_UNINITIALIZED_AUTOS = YES_AGGRESSIVE;
				GCC_WARN_UNUSED_FUNCTION = YES;
				GCC_WARN_UNUSED_VARIABLE = YES;
				IPHONEOS_DEPLOYMENT_TARGET = 15.2;
				MTL_ENABLE_DEBUG_INFO = INCLUDE_SOURCE;
				MTL_FAST_MATH = YES;
				ONLY_ACTIVE_ARCH = YES;
				SDKROOT = iphoneos;
				SWIFT_ACTIVE_COMPILATION_CONDITIONS = DEBUG;
				SWIFT_OPTIMIZATION_LEVEL = "-Onone";
			};
			name = Debug;
		};
		2617A87927D2E6C7000B2C8C /* Release */ = {
			isa = XCBuildConfiguration;
			buildSettings = {
				ALWAYS_SEARCH_USER_PATHS = NO;
				CLANG_ANALYZER_NONNULL = YES;
				CLANG_ANALYZER_NUMBER_OBJECT_CONVERSION = YES_AGGRESSIVE;
				CLANG_CXX_LANGUAGE_STANDARD = "gnu++17";
				CLANG_CXX_LIBRARY = "libc++";
				CLANG_ENABLE_MODULES = YES;
				CLANG_ENABLE_OBJC_ARC = YES;
				CLANG_ENABLE_OBJC_WEAK = YES;
				CLANG_WARN_BLOCK_CAPTURE_AUTORELEASING = YES;
				CLANG_WARN_BOOL_CONVERSION = YES;
				CLANG_WARN_COMMA = YES;
				CLANG_WARN_CONSTANT_CONVERSION = YES;
				CLANG_WARN_DEPRECATED_OBJC_IMPLEMENTATIONS = YES;
				CLANG_WARN_DIRECT_OBJC_ISA_USAGE = YES_ERROR;
				CLANG_WARN_DOCUMENTATION_COMMENTS = YES;
				CLANG_WARN_EMPTY_BODY = YES;
				CLANG_WARN_ENUM_CONVERSION = YES;
				CLANG_WARN_INFINITE_RECURSION = YES;
				CLANG_WARN_INT_CONVERSION = YES;
				CLANG_WARN_NON_LITERAL_NULL_CONVERSION = YES;
				CLANG_WARN_OBJC_IMPLICIT_RETAIN_SELF = YES;
				CLANG_WARN_OBJC_LITERAL_CONVERSION = YES;
				CLANG_WARN_OBJC_ROOT_CLASS = YES_ERROR;
				CLANG_WARN_QUOTED_INCLUDE_IN_FRAMEWORK_HEADER = YES;
				CLANG_WARN_RANGE_LOOP_ANALYSIS = YES;
				CLANG_WARN_STRICT_PROTOTYPES = YES;
				CLANG_WARN_SUSPICIOUS_MOVE = YES;
				CLANG_WARN_UNGUARDED_AVAILABILITY = YES_AGGRESSIVE;
				CLANG_WARN_UNREACHABLE_CODE = YES;
				CLANG_WARN__DUPLICATE_METHOD_MATCH = YES;
				COPY_PHASE_STRIP = NO;
				DEBUG_INFORMATION_FORMAT = "dwarf-with-dsym";
				ENABLE_NS_ASSERTIONS = NO;
				ENABLE_STRICT_OBJC_MSGSEND = YES;
				GCC_C_LANGUAGE_STANDARD = gnu11;
				GCC_NO_COMMON_BLOCKS = YES;
				GCC_WARN_64_TO_32_BIT_CONVERSION = YES;
				GCC_WARN_ABOUT_RETURN_TYPE = YES_ERROR;
				GCC_WARN_UNDECLARED_SELECTOR = YES;
				GCC_WARN_UNINITIALIZED_AUTOS = YES_AGGRESSIVE;
				GCC_WARN_UNUSED_FUNCTION = YES;
				GCC_WARN_UNUSED_VARIABLE = YES;
				IPHONEOS_DEPLOYMENT_TARGET = 15.2;
				MTL_ENABLE_DEBUG_INFO = NO;
				MTL_FAST_MATH = YES;
				SDKROOT = iphoneos;
				SWIFT_COMPILATION_MODE = wholemodule;
				SWIFT_OPTIMIZATION_LEVEL = "-O";
				VALIDATE_PRODUCT = YES;
			};
			name = Release;
		};
		2617A87B27D2E6C7000B2C8C /* Debug */ = {
			isa = XCBuildConfiguration;
			buildSettings = {
				ASSETCATALOG_COMPILER_APPICON_NAME = AppIcon;
				ASSETCATALOG_COMPILER_GLOBAL_ACCENT_COLOR_NAME = AccentColor;
				CODE_SIGN_STYLE = Automatic;
				CURRENT_PROJECT_VERSION = 1;
				GENERATE_INFOPLIST_FILE = YES;
				INFOPLIST_FILE = Flashcards2/Info.plist;
				INFOPLIST_KEY_UIApplicationSupportsIndirectInputEvents = YES;
				INFOPLIST_KEY_UILaunchStoryboardName = LaunchScreen;
				INFOPLIST_KEY_UIMainStoryboardFile = Main;
				INFOPLIST_KEY_UISupportedInterfaceOrientations_iPad = "UIInterfaceOrientationPortrait UIInterfaceOrientationPortraitUpsideDown UIInterfaceOrientationLandscapeLeft UIInterfaceOrientationLandscapeRight";
				INFOPLIST_KEY_UISupportedInterfaceOrientations_iPhone = "UIInterfaceOrientationPortrait UIInterfaceOrientationLandscapeLeft UIInterfaceOrientationLandscapeRight";
				LD_RUNPATH_SEARCH_PATHS = (
					"$(inherited)",
					"@executable_path/Frameworks",
				);
				MARKETING_VERSION = 1.0;
				PRODUCT_BUNDLE_IDENTIFIER = memo.com.Flashcards2;
				PRODUCT_NAME = "$(TARGET_NAME)";
				SWIFT_EMIT_LOC_STRINGS = YES;
				SWIFT_VERSION = 5.0;
				TARGETED_DEVICE_FAMILY = "1,2";
			};
			name = Debug;
		};
		2617A87C27D2E6C7000B2C8C /* Release */ = {
			isa = XCBuildConfiguration;
			buildSettings = {
				ASSETCATALOG_COMPILER_APPICON_NAME = AppIcon;
				ASSETCATALOG_COMPILER_GLOBAL_ACCENT_COLOR_NAME = AccentColor;
				CODE_SIGN_STYLE = Automatic;
				CURRENT_PROJECT_VERSION = 1;
				GENERATE_INFOPLIST_FILE = YES;
				INFOPLIST_FILE = Flashcards2/Info.plist;
				INFOPLIST_KEY_UIApplicationSupportsIndirectInputEvents = YES;
				INFOPLIST_KEY_UILaunchStoryboardName = LaunchScreen;
				INFOPLIST_KEY_UIMainStoryboardFile = Main;
				INFOPLIST_KEY_UISupportedInterfaceOrientations_iPad = "UIInterfaceOrientationPortrait UIInterfaceOrientationPortraitUpsideDown UIInterfaceOrientationLandscapeLeft UIInterfaceOrientationLandscapeRight";
				INFOPLIST_KEY_UISupportedInterfaceOrientations_iPhone = "UIInterfaceOrientationPortrait UIInterfaceOrientationLandscapeLeft UIInterfaceOrientationLandscapeRight";
				LD_RUNPATH_SEARCH_PATHS = (
					"$(inherited)",
					"@executable_path/Frameworks",
				);
				MARKETING_VERSION = 1.0;
				PRODUCT_BUNDLE_IDENTIFIER = memo.com.Flashcards2;
				PRODUCT_NAME = "$(TARGET_NAME)";
				SWIFT_EMIT_LOC_STRINGS = YES;
				SWIFT_VERSION = 5.0;
				TARGETED_DEVICE_FAMILY = "1,2";
			};
			name = Release;
		};
		2617A87E27D2E6C7000B2C8C /* Debug */ = {
			isa = XCBuildConfiguration;
			buildSettings = {
				ALWAYS_EMBED_SWIFT_STANDARD_LIBRARIES = YES;
				BUNDLE_LOADER = "$(TEST_HOST)";
				CODE_SIGN_STYLE = Automatic;
				CURRENT_PROJECT_VERSION = 1;
				GENERATE_INFOPLIST_FILE = YES;
				IPHONEOS_DEPLOYMENT_TARGET = 15.2;
				MARKETING_VERSION = 1.0;
				PRODUCT_BUNDLE_IDENTIFIER = memo.com.Flashcards2Tests;
				PRODUCT_NAME = "$(TARGET_NAME)";
				SWIFT_EMIT_LOC_STRINGS = NO;
				SWIFT_VERSION = 5.0;
				TARGETED_DEVICE_FAMILY = "1,2";
				TEST_HOST = "$(BUILT_PRODUCTS_DIR)/Flashcards2.app/Flashcards2";
			};
			name = Debug;
		};
		2617A87F27D2E6C7000B2C8C /* Release */ = {
			isa = XCBuildConfiguration;
			buildSettings = {
				ALWAYS_EMBED_SWIFT_STANDARD_LIBRARIES = YES;
				BUNDLE_LOADER = "$(TEST_HOST)";
				CODE_SIGN_STYLE = Automatic;
				CURRENT_PROJECT_VERSION = 1;
				GENERATE_INFOPLIST_FILE = YES;
				IPHONEOS_DEPLOYMENT_TARGET = 15.2;
				MARKETING_VERSION = 1.0;
				PRODUCT_BUNDLE_IDENTIFIER = memo.com.Flashcards2Tests;
				PRODUCT_NAME = "$(TARGET_NAME)";
				SWIFT_EMIT_LOC_STRINGS = NO;
				SWIFT_VERSION = 5.0;
				TARGETED_DEVICE_FAMILY = "1,2";
				TEST_HOST = "$(BUILT_PRODUCTS_DIR)/Flashcards2.app/Flashcards2";
			};
			name = Release;
		};
		2617A88127D2E6C7000B2C8C /* Debug */ = {
			isa = XCBuildConfiguration;
			buildSettings = {
				ALWAYS_EMBED_SWIFT_STANDARD_LIBRARIES = YES;
				CODE_SIGN_STYLE = Automatic;
				CURRENT_PROJECT_VERSION = 1;
				GENERATE_INFOPLIST_FILE = YES;
				MARKETING_VERSION = 1.0;
				PRODUCT_BUNDLE_IDENTIFIER = memo.com.Flashcards2UITests;
				PRODUCT_NAME = "$(TARGET_NAME)";
				SWIFT_EMIT_LOC_STRINGS = NO;
				SWIFT_VERSION = 5.0;
				TARGETED_DEVICE_FAMILY = "1,2";
				TEST_TARGET_NAME = Flashcards2;
			};
			name = Debug;
		};
		2617A88227D2E6C7000B2C8C /* Release */ = {
			isa = XCBuildConfiguration;
			buildSettings = {
				ALWAYS_EMBED_SWIFT_STANDARD_LIBRARIES = YES;
				CODE_SIGN_STYLE = Automatic;
				CURRENT_PROJECT_VERSION = 1;
				GENERATE_INFOPLIST_FILE = YES;
				MARKETING_VERSION = 1.0;
				PRODUCT_BUNDLE_IDENTIFIER = memo.com.Flashcards2UITests;
				PRODUCT_NAME = "$(TARGET_NAME)";
				SWIFT_EMIT_LOC_STRINGS = NO;
				SWIFT_VERSION = 5.0;
				TARGETED_DEVICE_FAMILY = "1,2";
				TEST_TARGET_NAME = Flashcards2;
			};
			name = Release;
		};
/* End XCBuildConfiguration section */

/* Begin XCConfigurationList section */
		2617A84B27D2E6C4000B2C8C /* Build configuration list for PBXProject "Flashcards2" */ = {
			isa = XCConfigurationList;
			buildConfigurations = (
				2617A87827D2E6C7000B2C8C /* Debug */,
				2617A87927D2E6C7000B2C8C /* Release */,
			);
			defaultConfigurationIsVisible = 0;
			defaultConfigurationName = Release;
		};
		2617A87A27D2E6C7000B2C8C /* Build configuration list for PBXNativeTarget "Flashcards2" */ = {
			isa = XCConfigurationList;
			buildConfigurations = (
				2617A87B27D2E6C7000B2C8C /* Debug */,
				2617A87C27D2E6C7000B2C8C /* Release */,
			);
			defaultConfigurationIsVisible = 0;
			defaultConfigurationName = Release;
		};
		2617A87D27D2E6C7000B2C8C /* Build configuration list for PBXNativeTarget "Flashcards2Tests" */ = {
			isa = XCConfigurationList;
			buildConfigurations = (
				2617A87E27D2E6C7000B2C8C /* Debug */,
				2617A87F27D2E6C7000B2C8C /* Release */,
			);
			defaultConfigurationIsVisible = 0;
			defaultConfigurationName = Release;
		};
		2617A88027D2E6C7000B2C8C /* Build configuration list for PBXNativeTarget "Flashcards2UITests" */ = {
			isa = XCConfigurationList;
			buildConfigurations = (
				2617A88127D2E6C7000B2C8C /* Debug */,
				2617A88227D2E6C7000B2C8C /* Release */,
			);
			defaultConfigurationIsVisible = 0;
			defaultConfigurationName = Release;
		};
/* End XCConfigurationList section */
	};
	rootObject = 2617A84827D2E6C4000B2C8C /* Project object */;
}
